
Microsoft Visual Studio Solution File, Format Version 12.00
Project("{FAE04EC0-301F-11D3-BF4B-00C04F79EFBC}") = "ElectricityCost.CLI", "ElectricityCost.CLI\ElectricityCost.CLI.csproj", "{6054BCAA-9019-4012-9FED-1FBC8F71C732}"
EndProject
Global
	GlobalSection(SolutionConfigurationPlatforms) = preSolution
		Debug|Any CPU = Debug|Any CPU
		Release|Any CPU = Release|Any CPU
	EndGlobalSection
	GlobalSection(ProjectConfigurationPlatforms) = postSolution
		{6054BCAA-9019-4012-9FED-1FBC8F71C732}.Debug|Any CPU.ActiveCfg = Debug|Any CPU
		{6054BCAA-9019-4012-9FED-1FBC8F71C732}.Debug|Any CPU.Build.0 = Debug|Any CPU
		{6054BCAA-9019-4012-9FED-1FBC8F71C732}.Release|Any CPU.ActiveCfg = Release|Any CPU
		{6054BCAA-9019-4012-9FED-1FBC8F71C732}.Release|Any CPU.Build.0 = Release|Any CPU
	EndGlobalSection
EndGlobal
